dependencies:
- name: kagenti-operator-chart
  repository: oci://ghcr.io/kagenti/kagenti-operator
  version: 0.2.0-alpha.20
- name: kagenti-webhook-chart
  repository: oci://ghcr.io/kagenti/kagenti-extensions
  version: 0.4.0-alpha.4
digest: sha256:7ed9e3c1daf12cdc33865a6d74ac26c887923aafa49a8b2f7ea33818405887bf
generated: "2026-02-24T09:58:19.585497-05:00"
